
Microsoft Visual Studio Solution File, Format Version 12.00
# Visual Studio Version 17
VisualStudioVersion = 17.9.34728.123
MinimumVisualStudioVersion = 10.0.40219.1
Project("{FAE04EC0-301F-11D3-BF4B-00C04F79EFBC}") = "DemoMongoDBInWebAPI", "DemoMongoDBInWebAPI\DemoMongoDBInWebAPI.csproj", "{A46B2156-C047-4608-9403-C91C0B03DC33}"
EndProject
Global
	GlobalSection(SolutionConfigurationPlatforms) = preSolution
		Debug|Any CPU = Debug|Any CPU
		Release|Any CPU = Release|Any CPU
	EndGlobalSection
	GlobalSection(ProjectConfigurationPlatforms) = postSolution
		{A46B2156-C047-4608-9403-C91C0B03DC33}.Debug|Any CPU.ActiveCfg = Debug|Any CPU
		{A46B2156-C047-4608-9403-C91C0B03DC33}.Debug|Any CPU.Build.0 = Debug|Any CPU
		{A46B2156-C047-4608-9403-C91C0B03DC33}.Release|Any CPU.ActiveCfg = Release|Any CPU
		{A46B2156-C047-4608-9403-C91C0B03DC33}.Release|Any CPU.Build.0 = Release|Any CPU
	EndGlobalSection
	GlobalSection(SolutionProperties) = preSolution
		HideSolutionNode = FALSE
	EndGlobalSection
	GlobalSection(ExtensibilityGlobals) = postSolution
		SolutionGuid = {FBB6DE37-0F10-4E67-9846-3505A9A914EA}
	EndGlobalSection
EndGlobal
